// !$*UTF8*$!
{
	archiveVersion = 1;
	classes = {
	};
	objectVersion = 56;
	objects = {

/* Begin PBXBuildFile section */
		5269C9E42C6FC55500F5F523 /* NewCardGameApp.swift in Sources */ = {isa = PBXBuildFile; fileRef = 5269C9E32C6FC55500F5F523 /* NewCardGameApp.swift */; };
		5269C9E62C6FC55500F5F523 /* ContentView.swift in Sources */ = {isa = PBXBuildFile; fileRef = 5269C9E52C6FC55500F5F523 /* ContentView.swift */; };
		5269C9E82C6FC55700F5F523 /* Assets.xcassets in Resources */ = {isa = PBXBuildFile; fileRef = 5269C9E72C6FC55700F5F523 /* Assets.xcassets */; };
		5269C9EB2C6FC55700F5F523 /* Preview Assets.xcassets in Resources */ = {isa = PBXBuildFile; fileRef = 5269C9EA2C6FC55700F5F523 /* Preview Assets.xcassets */; };
		5269C9F52C6FC55700F5F523 /* NewCardGameTests.swift in Sources */ = {isa = PBXBuildFile; fileRef = 5269C9F42C6FC55700F5F523 /* NewCardGameTests.swift */; };
		5269C9FF2C6FC55700F5F523 /* NewCardGameUITests.swift in Sources */ = {isa = PBXBuildFile; fileRef = 5269C9FE2C6FC55700F5F523 /* NewCardGameUITests.swift */; };
		5269CA012C6FC55700F5F523 /* NewCardGameUITestsLaunchTests.swift in Sources */ = {isa = PBXBuildFile; fileRef = 5269CA002C6FC55700F5F523 /* NewCardGameUITestsLaunchTests.swift */; };
/* End PBXBuildFile section */

/* Begin PBXContainerItemProxy section */
		5269C9F12C6FC55700F5F523 /* PBXContainerItemProxy */ = {
			isa = PBXContainerItemProxy;
			containerPortal = 5269C9D82C6FC55500F5F523 /* Project object */;
			proxyType = 1;
			remoteGlobalIDString = 5269C9DF2C6FC55500F5F523;
			remoteInfo = NewCardGame;
		};
		5269C9FB2C6FC55700F5F523 /* PBXContainerItemProxy */ = {
			isa = PBXContainerItemProxy;
			containerPortal = 5269C9D82C6FC55500F5F523 /* Project object */;
			proxyType = 1;
			remoteGlobalIDString = 5269C9DF2C6FC55500F5F523;
			remoteInfo = NewCardGame;
		};
/* End PBXContainerItemProxy section */

/* Begin PBXFileReference section */
		5269C9E02C6FC55500F5F523 /* NewCardGame.app */ = {isa = PBXFileReference; explicitFileType = wrapper.application; includeInIndex = 0; path = NewCardGame.app; sourceTree = BUILT_PRODUCTS_DIR; };
		5269C9E32C6FC55500F5F523 /* NewCardGameApp.swift */ = {isa = PBXFileReference; lastKnownFileType = sourcecode.swift; path = NewCardGameApp.swift; sourceTree = "<group>"; };
		5269C9E52C6FC55500F5F523 /* ContentView.swift */ = {isa = PBXFileReference; lastKnownFileType = sourcecode.swift; path = ContentView.swift; sourceTree = "<group>"; };
		5269C9E72C6FC55700F5F523 /* Assets.xcassets */ = {isa = PBXFileReference; lastKnownFileType = folder.assetcatalog; path = Assets.xcassets; sourceTree = "<group>"; };
		5269C9EA2C6FC55700F5F523 /* Preview Assets.xcassets */ = {isa = PBXFileReference; lastKnownFileType = folder.assetcatalog; path = "Preview Assets.xcassets"; sourceTree = "<group>"; };
		5269C9F02C6FC55700F5F523 /* NewCardGameTests.xctest */ = {isa = PBXFileReference; explicitFileType = wrapper.cfbundle; includeInIndex = 0; path = NewCardGameTests.xctest; sourceTree = BUILT_PRODUCTS_DIR; };
		5269C9F42C6FC55700F5F523 /* NewCardGameTests.swift */ = {isa = PBXFileReference; lastKnownFileType = sourcecode.swift; path = NewCardGameTests.swift; sourceTree = "<group>"; };
		5269C9FA2C6FC55700F5F523 /* NewCardGameUITests.xctest */ = {isa = PBXFileReference; explicitFileType = wrapper.cfbundle; includeInIndex = 0; path = NewCardGameUITests.xctest; sourceTree = BUILT_PRODUCTS_DIR; };
		5269C9FE2C6FC55700F5F523 /* NewCardGameUITests.swift */ = {isa = PBXFileReference; lastKnownFileType = sourcecode.swift; path = NewCardGameUITests.swift; sourceTree = "<group>"; };
		5269CA002C6FC55700F5F523 /* NewCardGameUITestsLaunchTests.swift */ = {isa = PBXFileReference; lastKnownFileType = sourcecode.swift; path = NewCardGameUITestsLaunchTests.swift; sourceTree = "<group>"; };
/* End PBXFileReference section */

/* Begin PBXFrameworksBuildPhase section */
		5269C9DD2C6FC55500F5F523 /* Frameworks */ = {
			isa = PBXFrameworksBuildPhase;
			buildActionMask = 2147483647;
			files = (
			);
			runOnlyForDeploymentPostprocessing = 0;
		};
		5269C9ED2C6FC55700F5F523 /* Frameworks */ = {
			isa = PBXFrameworksBuildPhase;
			buildActionMask = 2147483647;
			files = (
			);
			runOnlyForDeploymentPostprocessing = 0;
		};
		5269C9F72C6FC55700F5F523 /* Frameworks */ = {
			isa = PBXFrameworksBuildPhase;
			buildActionMask = 2147483647;
			files = (
			);
			runOnlyForDeploymentPostprocessing = 0;
		};
/* End PBXFrameworksBuildPhase section */

/* Begin PBXGroup section */
		5269C9D72C6FC55500F5F523 = {
			isa = PBXGroup;
			children = (
				5269C9E22C6FC55500F5F523 /* NewCardGame */,
				5269C9F32C6FC55700F5F523 /* NewCardGameTests */,
				5269C9FD2C6FC55700F5F523 /* NewCardGameUITests */,
				5269C9E12C6FC55500F5F523 /* Products */,
			);
			sourceTree = "<group>";
		};
		5269C9E12C6FC55500F5F523 /* Products */ = {
			isa = PBXGroup;
			children = (
				5269C9E02C6FC55500F5F523 /* NewCardGame.app */,
				5269C9F02C6FC55700F5F523 /* NewCardGameTests.xctest */,
				5269C9FA2C6FC55700F5F523 /* NewCardGameUITests.xctest */,
			);
			name = Products;
			sourceTree = "<group>";
		};
		5269C9E22C6FC55500F5F523 /* NewCardGame */ = {
			isa = PBXGroup;
			children = (
				5269C9E32C6FC55500F5F523 /* NewCardGameApp.swift */,
				5269C9E52C6FC55500F5F523 /* ContentView.swift */,
				5269C9E72C6FC55700F5F523 /* Assets.xcassets */,
				5269C9E92C6FC55700F5F523 /* Preview Content */,
			);
			path = NewCardGame;
			sourceTree = "<group>";
		};
		5269C9E92C6FC55700F5F523 /* Preview Content */ = {
			isa = PBXGroup;
			children = (
				5269C9EA2C6FC55700F5F523 /* Preview Assets.xcassets */,
			);
			path = "Preview Content";
			sourceTree = "<group>";
		};
		5269C9F32C6FC55700F5F523 /* NewCardGameTests */ = {
			isa = PBXGroup;
			children = (
				5269C9F42C6FC55700F5F523 /* NewCardGameTests.swift */,
			);
			path = NewCardGameTests;
			sourceTree = "<group>";
		};
		5269C9FD2C6FC55700F5F523 /* NewCardGameUITests */ = {
			isa = PBXGroup;
			children = (
				5269C9FE2C6FC55700F5F523 /* NewCardGameUITests.swift */,
				5269CA002C6FC55700F5F523 /* NewCardGameUITestsLaunchTests.swift */,
			);
			path = NewCardGameUITests;
			sourceTree = "<group>";
		};
/* End PBXGroup section */

/* Begin PBXNativeTarget section */
		5269C9DF2C6FC55500F5F523 /* NewCardGame */ = {
			isa = PBXNativeTarget;
			buildConfigurationList = 5269CA042C6FC55700F5F523 /* Build configuration list for PBXNativeTarget "NewCardGame" */;
			buildPhases = (
				5269C9DC2C6FC55500F5F523 /* Sources */,
				5269C9DD2C6FC55500F5F523 /* Frameworks */,
				5269C9DE2C6FC55500F5F523 /* Resources */,
			);
			buildRules = (
			);
			dependencies = (
			);
			name = NewCardGame;
			productName = NewCardGame;
			productReference = 5269C9E02C6FC55500F5F523 /* NewCardGame.app */;
			productType = "com.apple.product-type.application";
		};
		5269C9EF2C6FC55700F5F523 /* NewCardGameTests */ = {
			isa = PBXNativeTarget;
			buildConfigurationList = 5269CA072C6FC55700F5F523 /* Build configuration list for PBXNativeTarget "NewCardGameTests" */;
			buildPhases = (
				5269C9EC2C6FC55700F5F523 /* Sources */,
				5269C9ED2C6FC55700F5F523 /* Frameworks */,
				5269C9EE2C6FC55700F5F523 /* Resources */,
			);
			buildRules = (
			);
			dependencies = (
				5269C9F22C6FC55700F5F523 /* PBXTargetDependency */,
			);
			name = NewCardGameTests;
			productName = NewCardGameTests;
			productReference = 5269C9F02C6FC55700F5F523 /* NewCardGameTests.xctest */;
			productType = "com.apple.product-type.bundle.unit-test";
		};
		5269C9F92C6FC55700F5F523 /* NewCardGameUITests */ = {
			isa = PBXNativeTarget;
			buildConfigurationList = 5269CA0A2C6FC55700F5F523 /* Build configuration list for PBXNativeTarget "NewCardGameUITests" */;
			buildPhases = (
				5269C9F62C6FC55700F5F523 /* Sources */,
				5269C9F72C6FC55700F5F523 /* Frameworks */,
				5269C9F82C6FC55700F5F523 /* Resources */,
			);
			buildRules = (
			);
			dependencies = (
				5269C9FC2C6FC55700F5F523 /* PBXTargetDependency */,
			);
			name = NewCardGameUITests;
			productName = NewCardGameUITests;
			productReference = 5269C9FA2C6FC55700F5F523 /* NewCardGameUITests.xctest */;
			productType = "com.apple.product-type.bundle.ui-testing";
		};
/* End PBXNativeTarget section */

/* Begin PBXProject section */
		5269C9D82C6FC55500F5F523 /* Project object */ = {
			isa = PBXProject;
			attributes = {
				BuildIndependentTargetsInParallel = 1;
				LastSwiftUpdateCheck = 1540;
				LastUpgradeCheck = 1540;
				TargetAttributes = {
					5269C9DF2C6FC55500F5F523 = {
						CreatedOnToolsVersion = 15.4;
					};
					5269C9EF2C6FC55700F5F523 = {
						CreatedOnToolsVersion = 15.4;
						TestTargetID = 5269C9DF2C6FC55500F5F523;
					};
					5269C9F92C6FC55700F5F523 = {
						CreatedOnToolsVersion = 15.4;
						TestTargetID = 5269C9DF2C6FC55500F5F523;
					};
				};
			};
			buildConfigurationList = 5269C9DB2C6FC55500F5F523 /* Build configuration list for PBXProject "NewCardGame" */;
			compatibilityVersion = "Xcode 14.0";
			developmentRegion = en;
			hasScannedForEncodings = 0;
			knownRegions = (
				en,
				Base,
			);
			mainGroup = 5269C9D72C6FC55500F5F523;
			productRefGroup = 5269C9E12C6FC55500F5F523 /* Products */;
			projectDirPath = "";
			projectRoot = "";
			targets = (
				5269C9DF2C6FC55500F5F523 /* NewCardGame */,
				5269C9EF2C6FC55700F5F523 /* NewCardGameTests */,
				5269C9F92C6FC55700F5F523 /* NewCardGameUITests */,
			);
		};
/* End PBXProject section */

/* Begin PBXResourcesBuildPhase section */
		5269C9DE2C6FC55500F5F523 /* Resources */ = {
			isa = PBXResourcesBuildPhase;
			buildActionMask = 2147483647;
			files = (
				5269C9EB2C6FC55700F5F523 /* Preview Assets.xcassets in Resources */,
				5269C9E82C6FC55700F5F523 /* Assets.xcassets in Resources */,
			);
			runOnlyForDeploymentPostprocessing = 0;
		};
		5269C9EE2C6FC55700F5F523 /* Resources */ = {
			isa = PBXResourcesBuildPhase;
			buildActionMask = 2147483647;
			files = (
			);
			runOnlyForDeploymentPostprocessing = 0;
		};
		5269C9F82C6FC55700F5F523 /* Resources */ = {
			isa = PBXResourcesBuildPhase;
			buildActionMask = 2147483647;
			files = (
			);
			runOnlyForDeploymentPostprocessing = 0;
		};
/* End PBXResourcesBuildPhase section */

/* Begin PBXSourcesBuildPhase section */
		5269C9DC2C6FC55500F5F523 /* Sources */ = {
			isa = PBXSourcesBuildPhase;
			buildActionMask = 2147483647;
			files = (
				5269C9E62C6FC55500F5F523 /* ContentView.swift in Sources */,
				5269C9E42C6FC55500F5F523 /* NewCardGameApp.swift in Sources */,
			);
			runOnlyForDeploymentPostprocessing = 0;
		};
		5269C9EC2C6FC55700F5F523 /* Sources */ = {
			isa = PBXSourcesBuildPhase;
			buildActionMask = 2147483647;
			files = (
				5269C9F52C6FC55700F5F523 /* NewCardGameTests.swift in Sources */,
			);
			runOnlyForDeploymentPostprocessing = 0;
		};
		5269C9F62C6FC55700F5F523 /* Sources */ = {
			isa = PBXSourcesBuildPhase;
			buildActionMask = 2147483647;
			files = (
				5269C9FF2C6FC55700F5F523 /* NewCardGameUITests.swift in Sources */,
				5269CA012C6FC55700F5F523 /* NewCardGameUITestsLaunchTests.swift in Sources */,
			);
			runOnlyForDeploymentPostprocessing = 0;
		};
/* End PBXSourcesBuildPhase section */

/* Begin PBXTargetDependency section */
		5269C9F22C6FC55700F5F523 /* PBXTargetDependency */ = {
			isa = PBXTargetDependency;
			target = 5269C9DF2C6FC55500F5F523 /* NewCardGame */;
			targetProxy = 5269C9F12C6FC55700F5F523 /* PBXContainerItemProxy */;
		};
		5269C9FC2C6FC55700F5F523 /* PBXTargetDependency */ = {
			isa = PBXTargetDependency;
			target = 5269C9DF2C6FC55500F5F523 /* NewCardGame */;
			targetProxy = 5269C9FB2C6FC55700F5F523 /* PBXContainerItemProxy */;
		};
/* End PBXTargetDependency section */

/* Begin XCBuildConfiguration section */
		5269CA022C6FC55700F5F523 /* Debug */ = {
			isa = XCBuildConfiguration;
			buildSettings = {
				ALWAYS_SEARCH_USER_PATHS = NO;
				ASSETCATALOG_COMPILER_GENERATE_SWIFT_ASSET_SYMBOL_EXTENSIONS = YES;
				CLANG_ANALYZER_NONNULL = YES;
				CLANG_ANALYZER_NUMBER_OBJECT_CONVERSION = YES_AGGRESSIVE;
				CLANG_CXX_LANGUAGE_STANDARD = "gnu++20";
				CLANG_ENABLE_MODULES = YES;
				CLANG_ENABLE_OBJC_ARC = YES;
				CLANG_ENABLE_OBJC_WEAK = YES;
				CLANG_WARN_BLOCK_CAPTURE_AUTORELEASING = YES;
				CLANG_WARN_BOOL_CONVERSION = YES;
				CLANG_WARN_COMMA = YES;
				CLANG_WARN_CONSTANT_CONVERSION = YES;
				CLANG_WARN_DEPRECATED_OBJC_IMPLEMENTATIONS = YES;
				CLANG_WARN_DIRECT_OBJC_ISA_USAGE = YES_ERROR;
				CLANG_WARN_DOCUMENTATION_COMMENTS = YES;
				CLANG_WARN_EMPTY_BODY = YES;
				CLANG_WARN_ENUM_CONVERSION = YES;
				CLANG_WARN_INFINITE_RECURSION = YES;
				CLANG_WARN_INT_CONVERSION = YES;
				CLANG_WARN_NON_LITERAL_NULL_CONVERSION = YES;
				CLANG_WARN_OBJC_IMPLICIT_RETAIN_SELF = YES;
				CLANG_WARN_OBJC_LITERAL_CONVERSION = YES;
				CLANG_WARN_OBJC_ROOT_CLASS = YES_ERROR;
				CLANG_WARN_QUOTED_INCLUDE_IN_FRAMEWORK_HEADER = YES;
				CLANG_WARN_RANGE_LOOP_ANALYSIS = YES;
				CLANG_WARN_STRICT_PROTOTYPES = YES;
				CLANG_WARN_SUSPICIOUS_MOVE = YES;
				CLANG_WARN_UNGUARDED_AVAILABILITY = YES_AGGRESSIVE;
				CLANG_WARN_UNREACHABLE_CODE = YES;
				CLANG_WARN__DUPLICATE_METHOD_MATCH = YES;
				COPY_PHASE_STRIP = NO;
				DEBUG_INFORMATION_FORMAT = dwarf;
				ENABLE_STRICT_OBJC_MSGSEND = YES;
				ENABLE_TESTABILITY = YES;
				ENABLE_USER_SCRIPT_SANDBOXING = YES;
				GCC_C_LANGUAGE_STANDARD = gnu17;
				GCC_DYNAMIC_NO_PIC = NO;
				GCC_NO_COMMON_BLOCKS = YES;
				GCC_OPTIMIZATION_LEVEL = 0;
				GCC_PREPROCESSOR_DEFINITIONS = (
					"DEBUG=1",
					"$(inherited)",
				);
				GCC_WARN_64_TO_32_BIT_CONVERSION = YES;
				GCC_WARN_ABOUT_RETURN_TYPE = YES_ERROR;
				GCC_WARN_UNDECLARED_SELECTOR = YES;
				GCC_WARN_UNINITIALIZED_AUTOS = YES_AGGRESSIVE;
				GCC_WARN_UNUSED_FUNCTION = YES;
				GCC_WARN_UNUSED_VARIABLE = YES;
				IPHONEOS_DEPLOYMENT_TARGET = 17.5;
				LOCALIZATION_PREFERS_STRING_CATALOGS = YES;
				MTL_ENABLE_DEBUG_INFO = INCLUDE_SOURCE;
				MTL_FAST_MATH = YES;
				ONLY_ACTIVE_ARCH = YES;
				SDKROOT = iphoneos;
				SWIFT_ACTIVE_COMPILATION_CONDITIONS = "DEBUG $(inherited)";
				SWIFT_OPTIMIZATION_LEVEL = "-Onone";
			};
			name = Debug;
		};
		5269CA032C6FC55700F5F523 /* Release */ = {
			isa = XCBuildConfiguration;
			buildSettings = {
				ALWAYS_SEARCH_USER_PATHS = NO;
				ASSETCATALOG_COMPILER_GENERATE_SWIFT_ASSET_SYMBOL_EXTENSIONS = YES;
				CLANG_ANALYZER_NONNULL = YES;
				CLANG_ANALYZER_NUMBER_OBJECT_CONVERSION = YES_AGGRESSIVE;
				CLANG_CXX_LANGUAGE_STANDARD = "gnu++20";
				CLANG_ENABLE_MODULES = YES;
				CLANG_ENABLE_OBJC_ARC = YES;
				CLANG_ENABLE_OBJC_WEAK = YES;
				CLANG_WARN_BLOCK_CAPTURE_AUTORELEASING = YES;
				CLANG_WARN_BOOL_CONVERSION = YES;
				CLANG_WARN_COMMA = YES;
				CLANG_WARN_CONSTANT_CONVERSION = YES;
				CLANG_WARN_DEPRECATED_OBJC_IMPLEMENTATIONS = YES;
				CLANG_WARN_DIRECT_OBJC_ISA_USAGE = YES_ERROR;
				CLANG_WARN_DOCUMENTATION_COMMENTS = YES;
				CLANG_WARN_EMPTY_BODY = YES;
				CLANG_WARN_ENUM_CONVERSION = YES;
				CLANG_WARN_INFINITE_RECURSION = YES;
				CLANG_WARN_INT_CONVERSION = YES;
				CLANG_WARN_NON_LITERAL_NULL_CONVERSION = YES;
				CLANG_WARN_OBJC_IMPLICIT_RETAIN_SELF = YES;
				CLANG_WARN_OBJC_LITERAL_CONVERSION = YES;
				CLANG_WARN_OBJC_ROOT_CLASS = YES_ERROR;
				CLANG_WARN_QUOTED_INCLUDE_IN_FRAMEWORK_HEADER = YES;
				CLANG_WARN_RANGE_LOOP_ANALYSIS = YES;
				CLANG_WARN_STRICT_PROTOTYPES = YES;
				CLANG_WARN_SUSPICIOUS_MOVE = YES;
				CLANG_WARN_UNGUARDED_AVAILABILITY = YES_AGGRESSIVE;
				CLANG_WARN_UNREACHABLE_CODE = YES;
				CLANG_WARN__DUPLICATE_METHOD_MATCH = YES;
				COPY_PHASE_STRIP = NO;
				DEBUG_INFORMATION_FORMAT = "dwarf-with-dsym";
				ENABLE_NS_ASSERTIONS = NO;
				ENABLE_STRICT_OBJC_MSGSEND = YES;
				ENABLE_USER_SCRIPT_SANDBOXING = YES;
				GCC_C_LANGUAGE_STANDARD = gnu17;
				GCC_NO_COMMON_BLOCKS = YES;
				GCC_WARN_64_TO_32_BIT_CONVERSION = YES;
				GCC_WARN_ABOUT_RETURN_TYPE = YES_ERROR;
				GCC_WARN_UNDECLARED_SELECTOR = YES;
				GCC_WARN_UNINITIALIZED_AUTOS = YES_AGGRESSIVE;
				GCC_WARN_UNUSED_FUNCTION = YES;
				GCC_WARN_UNUSED_VARIABLE = YES;
				IPHONEOS_DEPLOYMENT_TARGET = 17.5;
				LOCALIZATION_PREFERS_STRING_CATALOGS = YES;
				MTL_ENABLE_DEBUG_INFO = NO;
				MTL_FAST_MATH = YES;
				SDKROOT = iphoneos;
				SWIFT_COMPILATION_MODE = wholemodule;
				VALIDATE_PRODUCT = YES;
			};
			name = Release;
		};
		5269CA052C6FC55700F5F523 /* Debug */ = {
			isa = XCBuildConfiguration;
			buildSettings = {
				ASSETCATALOG_COMPILER_APPICON_NAME = AppIcon;
				ASSETCATALOG_COMPILER_GLOBAL_ACCENT_COLOR_NAME = AccentColor;
				CODE_SIGN_STYLE = Automatic;
				CURRENT_PROJECT_VERSION = 1;
				DEVELOPMENT_ASSET_PATHS = "\"NewCardGame/Preview Content\"";
				DEVELOPMENT_TEAM = B554RKGZ7N;
				ENABLE_PREVIEWS = YES;
				GENERATE_INFOPLIST_FILE = YES;
				INFOPLIST_KEY_UIApplicationSceneManifest_Generation = YES;
				INFOPLIST_KEY_UIApplicationSupportsIndirectInputEvents = YES;
				INFOPLIST_KEY_UILaunchScreen_Generation = YES;
				INFOPLIST_KEY_UISupportedInterfaceOrientations_iPad = "UIInterfaceOrientationPortrait UIInterfaceOrientationPortraitUpsideDown UIInterfaceOrientationLandscapeLeft UIInterfaceOrientationLandscapeRight";
				INFOPLIST_KEY_UISupportedInterfaceOrientations_iPhone = "UIInterfaceOrientationPortrait UIInterfaceOrientationLandscapeLeft UIInterfaceOrientationLandscapeRight";
				LD_RUNPATH_SEARCH_PATHS = (
					"$(inherited)",
					"@executable_path/Frameworks",
				);
				MARKETING_VERSION = 1.0;
				PRODUCT_BUNDLE_IDENTIFIER = com.syo.NewCardGame;
				PRODUCT_NAME = "$(TARGET_NAME)";
				SWIFT_EMIT_LOC_STRINGS = YES;
				SWIFT_VERSION = 5.0;
				TARGETED_DEVICE_FAMILY = "1,2";
			};
			name = Debug;
		};
		5269CA062C6FC55700F5F523 /* Release */ = {
			isa = XCBuildConfiguration;
			buildSettings = {
				ASSETCATALOG_COMPILER_APPICON_NAME = AppIcon;
				ASSETCATALOG_COMPILER_GLOBAL_ACCENT_COLOR_NAME = AccentColor;
				CODE_SIGN_STYLE = Automatic;
				CURRENT_PROJECT_VERSION = 1;
				DEVELOPMENT_ASSET_PATHS = "\"NewCardGame/Preview Content\"";
				DEVELOPMENT_TEAM = B554RKGZ7N;
				ENABLE_PREVIEWS = YES;
				GENERATE_INFOPLIST_FILE = YES;
				INFOPLIST_KEY_UIApplicationSceneManifest_Generation = YES;
				INFOPLIST_KEY_UIApplicationSupportsIndirectInputEvents = YES;
				INFOPLIST_KEY_UILaunchScreen_Generation = YES;
				INFOPLIST_KEY_UISupportedInterfaceOrientations_iPad = "UIInterfaceOrientationPortrait UIInterfaceOrientationPortraitUpsideDown UIInterfaceOrientationLandscapeLeft UIInterfaceOrientationLandscapeRight";
				INFOPLIST_KEY_UISupportedInterfaceOrientations_iPhone = "UIInterfaceOrientationPortrait UIInterfaceOrientationLandscapeLeft UIInterfaceOrientationLandscapeRight";
				LD_RUNPATH_SEARCH_PATHS = (
					"$(inherited)",
					"@executable_path/Frameworks",
				);
				MARKETING_VERSION = 1.0;
				PRODUCT_BUNDLE_IDENTIFIER = com.syo.NewCardGame;
				PRODUCT_NAME = "$(TARGET_NAME)";
				SWIFT_EMIT_LOC_STRINGS = YES;
				SWIFT_VERSION = 5.0;
				TARGETED_DEVICE_FAMILY = "1,2";
			};
			name = Release;
		};
		5269CA082C6FC55700F5F523 /* Debug */ = {
			isa = XCBuildConfiguration;
			buildSettings = {
				ALWAYS_EMBED_SWIFT_STANDARD_LIBRARIES = YES;
				BUNDLE_LOADER = "$(TEST_HOST)";
				CODE_SIGN_STYLE = Automatic;
				CURRENT_PROJECT_VERSION = 1;
				DEVELOPMENT_TEAM = B554RKGZ7N;
				GENERATE_INFOPLIST_FILE = YES;
				IPHONEOS_DEPLOYMENT_TARGET = 17.5;
				MARKETING_VERSION = 1.0;
				PRODUCT_BUNDLE_IDENTIFIER = com.syo.NewCardGameTests;
				PRODUCT_NAME = "$(TARGET_NAME)";
				SWIFT_EMIT_LOC_STRINGS = NO;
				SWIFT_VERSION = 5.0;
				TARGETED_DEVICE_FAMILY = "1,2";
				TEST_HOST = "$(BUILT_PRODUCTS_DIR)/NewCardGame.app/$(BUNDLE_EXECUTABLE_FOLDER_PATH)/NewCardGame";
			};
			name = Debug;
		};
		5269CA092C6FC55700F5F523 /* Release */ = {
			isa = XCBuildConfiguration;
			buildSettings = {
				ALWAYS_EMBED_SWIFT_STANDARD_LIBRARIES = YES;
				BUNDLE_LOADER = "$(TEST_HOST)";
				CODE_SIGN_STYLE = Automatic;
				CURRENT_PROJECT_VERSION = 1;
				DEVELOPMENT_TEAM = B554RKGZ7N;
				GENERATE_INFOPLIST_FILE = YES;
				IPHONEOS_DEPLOYMENT_TARGET = 17.5;
				MARKETING_VERSION = 1.0;
				PRODUCT_BUNDLE_IDENTIFIER = com.syo.NewCardGameTests;
				PRODUCT_NAME = "$(TARGET_NAME)";
				SWIFT_EMIT_LOC_STRINGS = NO;
				SWIFT_VERSION = 5.0;
				TARGETED_DEVICE_FAMILY = "1,2";
				TEST_HOST = "$(BUILT_PRODUCTS_DIR)/NewCardGame.app/$(BUNDLE_EXECUTABLE_FOLDER_PATH)/NewCardGame";
			};
			name = Release;
		};
		5269CA0B2C6FC55700F5F523 /* Debug */ = {
			isa = XCBuildConfiguration;
			buildSettings = {
				ALWAYS_EMBED_SWIFT_STANDARD_LIBRARIES = YES;
				CODE_SIGN_STYLE = Automatic;
				CURRENT_PROJECT_VERSION = 1;
				DEVELOPMENT_TEAM = B554RKGZ7N;
				GENERATE_INFOPLIST_FILE = YES;
				MARKETING_VERSION = 1.0;
				PRODUCT_BUNDLE_IDENTIFIER = com.syo.NewCardGameUITests;
				PRODUCT_NAME = "$(TARGET_NAME)";
				SWIFT_EMIT_LOC_STRINGS = NO;
				SWIFT_VERSION = 5.0;
				TARGETED_DEVICE_FAMILY = "1,2";
				TEST_TARGET_NAME = NewCardGame;
			};
			name = Debug;
		};
		5269CA0C2C6FC55700F5F523 /* Release */ = {
			isa = XCBuildConfiguration;
			buildSettings = {
				ALWAYS_EMBED_SWIFT_STANDARD_LIBRARIES = YES;
				CODE_SIGN_STYLE = Automatic;
				CURRENT_PROJECT_VERSION = 1;
				DEVELOPMENT_TEAM = B554RKGZ7N;
				GENERATE_INFOPLIST_FILE = YES;
				MARKETING_VERSION = 1.0;
				PRODUCT_BUNDLE_IDENTIFIER = com.syo.NewCardGameUITests;
				PRODUCT_NAME = "$(TARGET_NAME)";
				SWIFT_EMIT_LOC_STRINGS = NO;
				SWIFT_VERSION = 5.0;
				TARGETED_DEVICE_FAMILY = "1,2";
				TEST_TARGET_NAME = NewCardGame;
			};
			name = Release;
		};
/* End XCBuildConfiguration section */

/* Begin XCConfigurationList section */
		5269C9DB2C6FC55500F5F523 /* Build configuration list for PBXProject "NewCardGame" */ = {
			isa = XCConfigurationList;
			buildConfigurations = (
				5269CA022C6FC55700F5F523 /* Debug */,
				5269CA032C6FC55700F5F523 /* Release */,
			);
			defaultConfigurationIsVisible = 0;
			defaultConfigurationName = Release;
		};
		5269CA042C6FC55700F5F523 /* Build configuration list for PBXNativeTarget "NewCardGame" */ = {
			isa = XCConfigurationList;
			buildConfigurations = (
				5269CA052C6FC55700F5F523 /* Debug */,
				5269CA062C6FC55700F5F523 /* Release */,
			);
			defaultConfigurationIsVisible = 0;
			defaultConfigurationName = Release;
		};
		5269CA072C6FC55700F5F523 /* Build configuration list for PBXNativeTarget "NewCardGameTests" */ = {
			isa = XCConfigurationList;
			buildConfigurations = (
				5269CA082C6FC55700F5F523 /* Debug */,
				5269CA092C6FC55700F5F523 /* Release */,
			);
			defaultConfigurationIsVisible = 0;
			defaultConfigurationName = Release;
		};
		5269CA0A2C6FC55700F5F523 /* Build configuration list for PBXNativeTarget "NewCardGameUITests" */ = {
			isa = XCConfigurationList;
			buildConfigurations = (
				5269CA0B2C6FC55700F5F523 /* Debug */,
				5269CA0C2C6FC55700F5F523 /* Release */,
			);
			defaultConfigurationIsVisible = 0;
			defaultConfigurationName = Release;
		};
/* End XCConfigurationList section */
	};
	rootObject = 5269C9D82C6FC55500F5F523 /* Project object */;
}
